
Microsoft Visual Studio Solution File, Format Version 12.00
# Visual Studio Version 17
VisualStudioVersion = 17.14.36518.9
MinimumVisualStudioVersion = 10.0.40219.1
Project("{2150E333-8FDC-42A3-9474-1A3956D46DE8}") = "Accounts", "Accounts", "{B007363C-A145-4290-B86A-9BB9189304F1}"
EndProject
Project("{2150E333-8FDC-42A3-9474-1A3956D46DE8}") = "Search", "Search", "{46302C1A-B7E3-46F4-BBFF-3371DF1D4291}"
EndProject
Project("{9A19103F-16F7-4668-BE54-9A1E7A4F7556}") = "Search.Contracts", "Search.Contracts\Search.Contracts.csproj", "{F444C796-AABD-4A47-A3B0-5333AF9A7C4A}"
EndProject
Project("{2150E333-8FDC-42A3-9474-1A3956D46DE8}") = "BaseData", "BaseData", "{B99A4A3A-FD88-460B-8383-12A1248BD766}"
EndProject
Project("{9A19103F-16F7-4668-BE54-9A1E7A4F7556}") = "BaseData.Application", "BaseData.Application\BaseData.Application.csproj", "{DA2B9F28-0C1C-4BE5-AB04-819843DB52B0}"
EndProject
Project("{9A19103F-16F7-4668-BE54-9A1E7A4F7556}") = "BaseData.Domain", "BaseData.Domain\BaseData.Domain.csproj", "{296324CF-43FA-4FAC-A239-D7840FBEC380}"
EndProject
Project("{9A19103F-16F7-4668-BE54-9A1E7A4F7556}") = "BaseData.Infrastructure", "BaseData.Infrastructure\BaseData.Infrastructure.csproj", "{E039D0A2-5CAD-4149-96C3-39F82D252EB9}"
EndProject
Project("{2150E333-8FDC-42A3-9474-1A3956D46DE8}") = "MyBusinessAppDemo", "MyBusinessAppDemo", "{2EEB016E-98E1-482A-B78D-E2E32591ED20}"
EndProject
Project("{9A19103F-16F7-4668-BE54-9A1E7A4F7556}") = "Accounts.Contracts", "Accounts.Contracts\Accounts.Contracts.csproj", "{9C41BAF4-15C6-4B27-8BE3-DBCEA99BD38A}"
EndProject
Project("{9A19103F-16F7-4668-BE54-9A1E7A4F7556}") = "BaseData.Contracts", "BaseData.Contracts\BaseData.Contracts.csproj", "{45898528-D06A-4600-AAA4-C8CED7464A77}"
EndProject
Project("{9A19103F-16F7-4668-BE54-9A1E7A4F7556}") = "Accounts.Application", "Accounts.Application\Accounts.Application.csproj", "{1CC8F392-E184-469B-92FE-96404ED8963D}"
EndProject
Project("{9A19103F-16F7-4668-BE54-9A1E7A4F7556}") = "Accounts.Domain", "Accounts.Domain\Accounts.Domain.csproj", "{C52BB3D1-A962-46B8-B73A-46F4081EACA5}"
EndProject
Project("{9A19103F-16F7-4668-BE54-9A1E7A4F7556}") = "Accounts.Infrastructure", "Accounts.Infrastructure\Accounts.Infrastructure.csproj", "{D43D26D7-33CA-4B9D-B81B-146619F945E7}"
EndProject
Project("{9A19103F-16F7-4668-BE54-9A1E7A4F7556}") = "Search.Infrastructure", "Search.Infrastructure\Search.Infrastructure.csproj", "{6404DF4C-5E0E-43CF-BF5F-5AF148E88DF5}"
EndProject
Project("{FAE04EC0-301F-11D3-BF4B-00C04F79EFBC}") = "Accounts.Bootstrapper", "Accounts.Bootstrapper\Accounts.Bootstrapper.csproj", "{476C5392-DD35-4148-843F-E89616E7406D}"
EndProject
Project("{FAE04EC0-301F-11D3-BF4B-00C04F79EFBC}") = "BaseData.Bootstrapper", "BaseData.Bootstrapper\BaseData.Bootstrapper.csproj", "{C006D9E8-C26E-40E5-92E6-AB2AAAF6F4DE}"
EndProject
Project("{FAE04EC0-301F-11D3-BF4B-00C04F79EFBC}") = "Search.Bootstrapper", "Search.Bootstrapper\Search.Bootstrapper.csproj", "{BD23E0A8-6178-41C0-B6E3-8039677050AE}"
EndProject
Project("{FAE04EC0-301F-11D3-BF4B-00C04F79EFBC}") = "Accounts.Adapter", "Accounts.Adapter\Accounts.Adapter.csproj", "{69C2BAE0-DEBB-456B-BF41-6C55AC029F31}"
EndProject
Project("{FAE04EC0-301F-11D3-BF4B-00C04F79EFBC}") = "BaseData.Adapter", "BaseData.Adapter\BaseData.Adapter.csproj", "{71927701-C776-44D8-83A7-B9AA8F8BF4CE}"
EndProject
Project("{FAE04EC0-301F-11D3-BF4B-00C04F79EFBC}") = "Search.Adapter", "Search.Adapter\Search.Adapter.csproj", "{C4AB0E88-3648-4248-9836-66B55F29F24C}"
EndProject
Project("{FAE04EC0-301F-11D3-BF4B-00C04F79EFBC}") = "BaseData.WebUI", "BaseData.WebUI\BaseData.WebUI.csproj", "{18C5734B-0985-4658-85A5-822A99EFD609}"
EndProject
Project("{FAE04EC0-301F-11D3-BF4B-00C04F79EFBC}") = "Search.WebUI", "Search.WebUI\Search.WebUI.csproj", "{2248D598-6287-4E91-B58E-9B85E34C3BF5}"
EndProject
Project("{FAE04EC0-301F-11D3-BF4B-00C04F79EFBC}") = "Accounts.WebUI", "Accounts.WebUI\Accounts.WebUI.csproj", "{AECB77AD-CCAE-4E4B-AD97-7A8BE9615548}"
EndProject
Project("{2150E333-8FDC-42A3-9474-1A3956D46DE8}") = "BusinessAppFramework", "BusinessAppFramework", "{02EA681E-C7D8-13C7-8484-4AC65E1B71E8}"
EndProject
Project("{FAE04EC0-301F-11D3-BF4B-00C04F79EFBC}") = "BusinessAppFramework.Adapter", "..\BusinessAppFramework\BusinessAppFramework.Adapter\BusinessAppFramework.Adapter.csproj", "{9E8B1E0B-B9CB-5B2C-E5A4-3DA1DF21C79A}"
EndProject
Project("{FAE04EC0-301F-11D3-BF4B-00C04F79EFBC}") = "BusinessAppFramework.Application", "..\BusinessAppFramework\BusinessAppFramework.Application\BusinessAppFramework.Application.csproj", "{C75F3B5D-7490-F50E-3022-961708A6C2B6}"
EndProject
Project("{FAE04EC0-301F-11D3-BF4B-00C04F79EFBC}") = "BusinessAppFramework.Bootstrapper", "..\BusinessAppFramework\BusinessAppFramework.Bootstrapper\BusinessAppFramework.Bootstrapper.csproj", "{4AC5515F-5771-79D3-F305-A451A5B901BC}"
EndProject
Project("{FAE04EC0-301F-11D3-BF4B-00C04F79EFBC}") = "BusinessAppFramework.Contracts", "..\BusinessAppFramework\BusinessAppFramework.Contracts\BusinessAppFramework.Contracts.csproj", "{DE911A0B-A06B-0295-7923-CFA67CD0AAA3}"
EndProject
Project("{FAE04EC0-301F-11D3-BF4B-00C04F79EFBC}") = "BusinessAppFramework.Domain", "..\BusinessAppFramework\BusinessAppFramework.Domain\BusinessAppFramework.Domain.csproj", "{939725C7-B684-CD6D-BE48-FAE0297961C9}"
EndProject
Project("{FAE04EC0-301F-11D3-BF4B-00C04F79EFBC}") = "BusinessAppFramework.Infrastructure", "..\BusinessAppFramework\BusinessAppFramework.Infrastructure\BusinessAppFramework.Infrastructure.csproj", "{CB3DE9E4-DE46-08FB-C047-B65E99DAC564}"
EndProject
Project("{FAE04EC0-301F-11D3-BF4B-00C04F79EFBC}") = "BusinessAppFramework.WebUI", "..\BusinessAppFramework\BusinessAppFramework.WebUI\BusinessAppFramework.WebUI.csproj", "{84CEFEA7-CC8B-01AC-B32C-592FF13B6918}"
EndProject
Project("{FAE04EC0-301F-11D3-BF4B-00C04F79EFBC}") = "MyBusinessAppDemo.WebApi", "MyBusinessAppDemo.WebApi\MyBusinessAppDemo.WebApi.csproj", "{98A46107-4E6B-A897-E625-13754A3A7963}"
EndProject
Project("{FAE04EC0-301F-11D3-BF4B-00C04F79EFBC}") = "MyBusinessAppDemo.WebUI", "MyBusinessAppDemo.WebUI\MyBusinessAppDemo.WebUI.csproj", "{E8ADFE06-E980-1A0D-28B1-B66F6F08DFB0}"
EndProject
Project("{FAE04EC0-301F-11D3-BF4B-00C04F79EFBC}") = "MyBusinessAppDemo.Infrastructure", "MyBusinessAppDemo.Infrastructure\MyBusinessAppDemo.Infrastructure.csproj", "{7234325D-BE86-E2AE-D04B-A6EB9F7448DB}"
EndProject
Project("{FAE04EC0-301F-11D3-BF4B-00C04F79EFBC}") = "MyBusinessAppDemo.Contracts", "MyBusinessAppDemo.Contracts\MyBusinessAppDemo.Contracts.csproj", "{1C8840BA-8D14-5CB6-95DF-D5351951689C}"
EndProject
Project("{FAE04EC0-301F-11D3-BF4B-00C04F79EFBC}") = "MyBusinessAppDemo.Documents", "MyBusinessAppDemo.Documents\MyBusinessAppDemo.Documents.csproj", "{C4067B64-0BFE-4206-A9AA-883B37D8A5C8}"
EndProject
Project("{FAE04EC0-301F-11D3-BF4B-00C04F79EFBC}") = "BusinessAppFramework.DocumentRendering", "..\BusinessAppFramework\BusinessAppFramework.DocumentRendering\BusinessAppFramework.DocumentRendering.csproj", "{DA2AA945-4E96-F905-84AF-23C29AD4153A}"
EndProject
Project("{FAE04EC0-301F-11D3-BF4B-00C04F79EFBC}") = "MyBusinessAppDemo.Adapter", "MyBusinessAppDemo.Adapter\MyBusinessAppDemo.Adapter.csproj", "{AED18DDF-7C33-3785-64C4-804C71929008}"
EndProject
Project("{FAE04EC0-301F-11D3-BF4B-00C04F79EFBC}") = "MyBusinessAppDemo.Application", "MyBusinessAppDemo.Application\MyBusinessAppDemo.Application.csproj", "{63C35C37-2652-7188-27E7-2C7AC0F04F59}"
EndProject
Project("{FAE04EC0-301F-11D3-BF4B-00C04F79EFBC}") = "MyBusinessAppDemo.Bootstrapper", "MyBusinessAppDemo.Bootstrapper\MyBusinessAppDemo.Bootstrapper.csproj", "{A5ACD6D1-5217-1CE5-6028-888B33276FEE}"
EndProject
Global
	GlobalSection(SolutionConfigurationPlatforms) = preSolution
		Debug|Any CPU = Debug|Any CPU
		Release|Any CPU = Release|Any CPU
	EndGlobalSection
	GlobalSection(ProjectConfigurationPlatforms) = postSolution
		{F444C796-AABD-4A47-A3B0-5333AF9A7C4A}.Debug|Any CPU.ActiveCfg = Debug|Any CPU
		{F444C796-AABD-4A47-A3B0-5333AF9A7C4A}.Debug|Any CPU.Build.0 = Debug|Any CPU
		{F444C796-AABD-4A47-A3B0-5333AF9A7C4A}.Release|Any CPU.ActiveCfg = Release|Any CPU
		{F444C796-AABD-4A47-A3B0-5333AF9A7C4A}.Release|Any CPU.Build.0 = Release|Any CPU
		{DA2B9F28-0C1C-4BE5-AB04-819843DB52B0}.Debug|Any CPU.ActiveCfg = Debug|Any CPU
		{DA2B9F28-0C1C-4BE5-AB04-819843DB52B0}.Debug|Any CPU.Build.0 = Debug|Any CPU
		{DA2B9F28-0C1C-4BE5-AB04-819843DB52B0}.Release|Any CPU.ActiveCfg = Release|Any CPU
		{DA2B9F28-0C1C-4BE5-AB04-819843DB52B0}.Release|Any CPU.Build.0 = Release|Any CPU
		{296324CF-43FA-4FAC-A239-D7840FBEC380}.Debug|Any CPU.ActiveCfg = Debug|Any CPU
		{296324CF-43FA-4FAC-A239-D7840FBEC380}.Debug|Any CPU.Build.0 = Debug|Any CPU
		{296324CF-43FA-4FAC-A239-D7840FBEC380}.Release|Any CPU.ActiveCfg = Release|Any CPU
		{296324CF-43FA-4FAC-A239-D7840FBEC380}.Release|Any CPU.Build.0 = Release|Any CPU
		{E039D0A2-5CAD-4149-96C3-39F82D252EB9}.Debug|Any CPU.ActiveCfg = Debug|Any CPU
		{E039D0A2-5CAD-4149-96C3-39F82D252EB9}.Debug|Any CPU.Build.0 = Debug|Any CPU
		{E039D0A2-5CAD-4149-96C3-39F82D252EB9}.Release|Any CPU.ActiveCfg = Release|Any CPU
		{E039D0A2-5CAD-4149-96C3-39F82D252EB9}.Release|Any CPU.Build.0 = Release|Any CPU
		{9C41BAF4-15C6-4B27-8BE3-DBCEA99BD38A}.Debug|Any CPU.ActiveCfg = Debug|Any CPU
		{9C41BAF4-15C6-4B27-8BE3-DBCEA99BD38A}.Debug|Any CPU.Build.0 = Debug|Any CPU
		{9C41BAF4-15C6-4B27-8BE3-DBCEA99BD38A}.Release|Any CPU.ActiveCfg = Release|Any CPU
		{9C41BAF4-15C6-4B27-8BE3-DBCEA99BD38A}.Release|Any CPU.Build.0 = Release|Any CPU
		{45898528-D06A-4600-AAA4-C8CED7464A77}.Debug|Any CPU.ActiveCfg = Debug|Any CPU
		{45898528-D06A-4600-AAA4-C8CED7464A77}.Debug|Any CPU.Build.0 = Debug|Any CPU
		{45898528-D06A-4600-AAA4-C8CED7464A77}.Release|Any CPU.ActiveCfg = Release|Any CPU
		{45898528-D06A-4600-AAA4-C8CED7464A77}.Release|Any CPU.Build.0 = Release|Any CPU
		{1CC8F392-E184-469B-92FE-96404ED8963D}.Debug|Any CPU.ActiveCfg = Debug|Any CPU
		{1CC8F392-E184-469B-92FE-96404ED8963D}.Debug|Any CPU.Build.0 = Debug|Any CPU
		{1CC8F392-E184-469B-92FE-96404ED8963D}.Release|Any CPU.ActiveCfg = Release|Any CPU
		{1CC8F392-E184-469B-92FE-96404ED8963D}.Release|Any CPU.Build.0 = Release|Any CPU
		{C52BB3D1-A962-46B8-B73A-46F4081EACA5}.Debug|Any CPU.ActiveCfg = Debug|Any CPU
		{C52BB3D1-A962-46B8-B73A-46F4081EACA5}.Debug|Any CPU.Build.0 = Debug|Any CPU
		{C52BB3D1-A962-46B8-B73A-46F4081EACA5}.Release|Any CPU.ActiveCfg = Release|Any CPU
		{C52BB3D1-A962-46B8-B73A-46F4081EACA5}.Release|Any CPU.Build.0 = Release|Any CPU
		{D43D26D7-33CA-4B9D-B81B-146619F945E7}.Debug|Any CPU.ActiveCfg = Debug|Any CPU
		{D43D26D7-33CA-4B9D-B81B-146619F945E7}.Debug|Any CPU.Build.0 = Debug|Any CPU
		{D43D26D7-33CA-4B9D-B81B-146619F945E7}.Release|Any CPU.ActiveCfg = Release|Any CPU
		{D43D26D7-33CA-4B9D-B81B-146619F945E7}.Release|Any CPU.Build.0 = Release|Any CPU
		{6404DF4C-5E0E-43CF-BF5F-5AF148E88DF5}.Debug|Any CPU.ActiveCfg = Debug|Any CPU
		{6404DF4C-5E0E-43CF-BF5F-5AF148E88DF5}.Debug|Any CPU.Build.0 = Debug|Any CPU
		{6404DF4C-5E0E-43CF-BF5F-5AF148E88DF5}.Release|Any CPU.ActiveCfg = Release|Any CPU
		{6404DF4C-5E0E-43CF-BF5F-5AF148E88DF5}.Release|Any CPU.Build.0 = Release|Any CPU
		{476C5392-DD35-4148-843F-E89616E7406D}.Debug|Any CPU.ActiveCfg = Debug|Any CPU
		{476C5392-DD35-4148-843F-E89616E7406D}.Debug|Any CPU.Build.0 = Debug|Any CPU
		{476C5392-DD35-4148-843F-E89616E7406D}.Release|Any CPU.ActiveCfg = Release|Any CPU
		{476C5392-DD35-4148-843F-E89616E7406D}.Release|Any CPU.Build.0 = Release|Any CPU
		{C006D9E8-C26E-40E5-92E6-AB2AAAF6F4DE}.Debug|Any CPU.ActiveCfg = Debug|Any CPU
		{C006D9E8-C26E-40E5-92E6-AB2AAAF6F4DE}.Debug|Any CPU.Build.0 = Debug|Any CPU
		{C006D9E8-C26E-40E5-92E6-AB2AAAF6F4DE}.Release|Any CPU.ActiveCfg = Release|Any CPU
		{C006D9E8-C26E-40E5-92E6-AB2AAAF6F4DE}.Release|Any CPU.Build.0 = Release|Any CPU
		{BD23E0A8-6178-41C0-B6E3-8039677050AE}.Debug|Any CPU.ActiveCfg = Debug|Any CPU
		{BD23E0A8-6178-41C0-B6E3-8039677050AE}.Debug|Any CPU.Build.0 = Debug|Any CPU
		{BD23E0A8-6178-41C0-B6E3-8039677050AE}.Release|Any CPU.ActiveCfg = Release|Any CPU
		{BD23E0A8-6178-41C0-B6E3-8039677050AE}.Release|Any CPU.Build.0 = Release|Any CPU
		{69C2BAE0-DEBB-456B-BF41-6C55AC029F31}.Debug|Any CPU.ActiveCfg = Debug|Any CPU
		{69C2BAE0-DEBB-456B-BF41-6C55AC029F31}.Debug|Any CPU.Build.0 = Debug|Any CPU
		{69C2BAE0-DEBB-456B-BF41-6C55AC029F31}.Release|Any CPU.ActiveCfg = Release|Any CPU
		{69C2BAE0-DEBB-456B-BF41-6C55AC029F31}.Release|Any CPU.Build.0 = Release|Any CPU
		{71927701-C776-44D8-83A7-B9AA8F8BF4CE}.Debug|Any CPU.ActiveCfg = Debug|Any CPU
		{71927701-C776-44D8-83A7-B9AA8F8BF4CE}.Debug|Any CPU.Build.0 = Debug|Any CPU
		{71927701-C776-44D8-83A7-B9AA8F8BF4CE}.Release|Any CPU.ActiveCfg = Release|Any CPU
		{71927701-C776-44D8-83A7-B9AA8F8BF4CE}.Release|Any CPU.Build.0 = Release|Any CPU
		{C4AB0E88-3648-4248-9836-66B55F29F24C}.Debug|Any CPU.ActiveCfg = Debug|Any CPU
		{C4AB0E88-3648-4248-9836-66B55F29F24C}.Debug|Any CPU.Build.0 = Debug|Any CPU
		{C4AB0E88-3648-4248-9836-66B55F29F24C}.Release|Any CPU.ActiveCfg = Release|Any CPU
		{C4AB0E88-3648-4248-9836-66B55F29F24C}.Release|Any CPU.Build.0 = Release|Any CPU
		{18C5734B-0985-4658-85A5-822A99EFD609}.Debug|Any CPU.ActiveCfg = Debug|Any CPU
		{18C5734B-0985-4658-85A5-822A99EFD609}.Debug|Any CPU.Build.0 = Debug|Any CPU
		{18C5734B-0985-4658-85A5-822A99EFD609}.Release|Any CPU.ActiveCfg = Release|Any CPU
		{18C5734B-0985-4658-85A5-822A99EFD609}.Release|Any CPU.Build.0 = Release|Any CPU
		{2248D598-6287-4E91-B58E-9B85E34C3BF5}.Debug|Any CPU.ActiveCfg = Debug|Any CPU
		{2248D598-6287-4E91-B58E-9B85E34C3BF5}.Debug|Any CPU.Build.0 = Debug|Any CPU
		{2248D598-6287-4E91-B58E-9B85E34C3BF5}.Release|Any CPU.ActiveCfg = Release|Any CPU
		{2248D598-6287-4E91-B58E-9B85E34C3BF5}.Release|Any CPU.Build.0 = Release|Any CPU
		{AECB77AD-CCAE-4E4B-AD97-7A8BE9615548}.Debug|Any CPU.ActiveCfg = Debug|Any CPU
		{AECB77AD-CCAE-4E4B-AD97-7A8BE9615548}.Debug|Any CPU.Build.0 = Debug|Any CPU
		{AECB77AD-CCAE-4E4B-AD97-7A8BE9615548}.Release|Any CPU.ActiveCfg = Release|Any CPU
		{AECB77AD-CCAE-4E4B-AD97-7A8BE9615548}.Release|Any CPU.Build.0 = Release|Any CPU
		{9E8B1E0B-B9CB-5B2C-E5A4-3DA1DF21C79A}.Debug|Any CPU.ActiveCfg = Debug|Any CPU
		{9E8B1E0B-B9CB-5B2C-E5A4-3DA1DF21C79A}.Debug|Any CPU.Build.0 = Debug|Any CPU
		{9E8B1E0B-B9CB-5B2C-E5A4-3DA1DF21C79A}.Release|Any CPU.ActiveCfg = Release|Any CPU
		{9E8B1E0B-B9CB-5B2C-E5A4-3DA1DF21C79A}.Release|Any CPU.Build.0 = Release|Any CPU
		{C75F3B5D-7490-F50E-3022-961708A6C2B6}.Debug|Any CPU.ActiveCfg = Debug|Any CPU
		{C75F3B5D-7490-F50E-3022-961708A6C2B6}.Debug|Any CPU.Build.0 = Debug|Any CPU
		{C75F3B5D-7490-F50E-3022-961708A6C2B6}.Release|Any CPU.ActiveCfg = Release|Any CPU
		{C75F3B5D-7490-F50E-3022-961708A6C2B6}.Release|Any CPU.Build.0 = Release|Any CPU
		{4AC5515F-5771-79D3-F305-A451A5B901BC}.Debug|Any CPU.ActiveCfg = Debug|Any CPU
		{4AC5515F-5771-79D3-F305-A451A5B901BC}.Debug|Any CPU.Build.0 = Debug|Any CPU
		{4AC5515F-5771-79D3-F305-A451A5B901BC}.Release|Any CPU.ActiveCfg = Release|Any CPU
		{4AC5515F-5771-79D3-F305-A451A5B901BC}.Release|Any CPU.Build.0 = Release|Any CPU
		{DE911A0B-A06B-0295-7923-CFA67CD0AAA3}.Debug|Any CPU.ActiveCfg = Debug|Any CPU
		{DE911A0B-A06B-0295-7923-CFA67CD0AAA3}.Debug|Any CPU.Build.0 = Debug|Any CPU
		{DE911A0B-A06B-0295-7923-CFA67CD0AAA3}.Release|Any CPU.ActiveCfg = Release|Any CPU
		{DE911A0B-A06B-0295-7923-CFA67CD0AAA3}.Release|Any CPU.Build.0 = Release|Any CPU
		{939725C7-B684-CD6D-BE48-FAE0297961C9}.Debug|Any CPU.ActiveCfg = Debug|Any CPU
		{939725C7-B684-CD6D-BE48-FAE0297961C9}.Debug|Any CPU.Build.0 = Debug|Any CPU
		{939725C7-B684-CD6D-BE48-FAE0297961C9}.Release|Any CPU.ActiveCfg = Release|Any CPU
		{939725C7-B684-CD6D-BE48-FAE0297961C9}.Release|Any CPU.Build.0 = Release|Any CPU
		{CB3DE9E4-DE46-08FB-C047-B65E99DAC564}.Debug|Any CPU.ActiveCfg = Debug|Any CPU
		{CB3DE9E4-DE46-08FB-C047-B65E99DAC564}.Debug|Any CPU.Build.0 = Debug|Any CPU
		{CB3DE9E4-DE46-08FB-C047-B65E99DAC564}.Release|Any CPU.ActiveCfg = Release|Any CPU
		{CB3DE9E4-DE46-08FB-C047-B65E99DAC564}.Release|Any CPU.Build.0 = Release|Any CPU
		{84CEFEA7-CC8B-01AC-B32C-592FF13B6918}.Debug|Any CPU.ActiveCfg = Debug|Any CPU
		{84CEFEA7-CC8B-01AC-B32C-592FF13B6918}.Debug|Any CPU.Build.0 = Debug|Any CPU
		{84CEFEA7-CC8B-01AC-B32C-592FF13B6918}.Release|Any CPU.ActiveCfg = Release|Any CPU
		{84CEFEA7-CC8B-01AC-B32C-592FF13B6918}.Release|Any CPU.Build.0 = Release|Any CPU
		{98A46107-4E6B-A897-E625-13754A3A7963}.Debug|Any CPU.ActiveCfg = Debug|Any CPU
		{98A46107-4E6B-A897-E625-13754A3A7963}.Debug|Any CPU.Build.0 = Debug|Any CPU
		{98A46107-4E6B-A897-E625-13754A3A7963}.Release|Any CPU.ActiveCfg = Release|Any CPU
		{98A46107-4E6B-A897-E625-13754A3A7963}.Release|Any CPU.Build.0 = Release|Any CPU
		{E8ADFE06-E980-1A0D-28B1-B66F6F08DFB0}.Debug|Any CPU.ActiveCfg = Debug|Any CPU
		{E8ADFE06-E980-1A0D-28B1-B66F6F08DFB0}.Debug|Any CPU.Build.0 = Debug|Any CPU
		{E8ADFE06-E980-1A0D-28B1-B66F6F08DFB0}.Release|Any CPU.ActiveCfg = Release|Any CPU
		{E8ADFE06-E980-1A0D-28B1-B66F6F08DFB0}.Release|Any CPU.Build.0 = Release|Any CPU
		{7234325D-BE86-E2AE-D04B-A6EB9F7448DB}.Debug|Any CPU.ActiveCfg = Debug|Any CPU
		{7234325D-BE86-E2AE-D04B-A6EB9F7448DB}.Debug|Any CPU.Build.0 = Debug|Any CPU
		{7234325D-BE86-E2AE-D04B-A6EB9F7448DB}.Release|Any CPU.ActiveCfg = Release|Any CPU
		{7234325D-BE86-E2AE-D04B-A6EB9F7448DB}.Release|Any CPU.Build.0 = Release|Any CPU
		{1C8840BA-8D14-5CB6-95DF-D5351951689C}.Debug|Any CPU.ActiveCfg = Debug|Any CPU
		{1C8840BA-8D14-5CB6-95DF-D5351951689C}.Debug|Any CPU.Build.0 = Debug|Any CPU
		{1C8840BA-8D14-5CB6-95DF-D5351951689C}.Release|Any CPU.ActiveCfg = Release|Any CPU
		{1C8840BA-8D14-5CB6-95DF-D5351951689C}.Release|Any CPU.Build.0 = Release|Any CPU
		{C4067B64-0BFE-4206-A9AA-883B37D8A5C8}.Debug|Any CPU.ActiveCfg = Debug|Any CPU
		{C4067B64-0BFE-4206-A9AA-883B37D8A5C8}.Debug|Any CPU.Build.0 = Debug|Any CPU
		{C4067B64-0BFE-4206-A9AA-883B37D8A5C8}.Release|Any CPU.ActiveCfg = Release|Any CPU
		{C4067B64-0BFE-4206-A9AA-883B37D8A5C8}.Release|Any CPU.Build.0 = Release|Any CPU
		{DA2AA945-4E96-F905-84AF-23C29AD4153A}.Debug|Any CPU.ActiveCfg = Debug|Any CPU
		{DA2AA945-4E96-F905-84AF-23C29AD4153A}.Debug|Any CPU.Build.0 = Debug|Any CPU
		{DA2AA945-4E96-F905-84AF-23C29AD4153A}.Release|Any CPU.ActiveCfg = Release|Any CPU
		{DA2AA945-4E96-F905-84AF-23C29AD4153A}.Release|Any CPU.Build.0 = Release|Any CPU
		{AED18DDF-7C33-3785-64C4-804C71929008}.Debug|Any CPU.ActiveCfg = Debug|Any CPU
		{AED18DDF-7C33-3785-64C4-804C71929008}.Debug|Any CPU.Build.0 = Debug|Any CPU
		{AED18DDF-7C33-3785-64C4-804C71929008}.Release|Any CPU.ActiveCfg = Release|Any CPU
		{AED18DDF-7C33-3785-64C4-804C71929008}.Release|Any CPU.Build.0 = Release|Any CPU
		{63C35C37-2652-7188-27E7-2C7AC0F04F59}.Debug|Any CPU.ActiveCfg = Debug|Any CPU
		{63C35C37-2652-7188-27E7-2C7AC0F04F59}.Debug|Any CPU.Build.0 = Debug|Any CPU
		{63C35C37-2652-7188-27E7-2C7AC0F04F59}.Release|Any CPU.ActiveCfg = Release|Any CPU
		{63C35C37-2652-7188-27E7-2C7AC0F04F59}.Release|Any CPU.Build.0 = Release|Any CPU
		{A5ACD6D1-5217-1CE5-6028-888B33276FEE}.Debug|Any CPU.ActiveCfg = Debug|Any CPU
		{A5ACD6D1-5217-1CE5-6028-888B33276FEE}.Debug|Any CPU.Build.0 = Debug|Any CPU
		{A5ACD6D1-5217-1CE5-6028-888B33276FEE}.Release|Any CPU.ActiveCfg = Release|Any CPU
		{A5ACD6D1-5217-1CE5-6028-888B33276FEE}.Release|Any CPU.Build.0 = Release|Any CPU
	EndGlobalSection
	GlobalSection(SolutionProperties) = preSolution
		HideSolutionNode = FALSE
	EndGlobalSection
	GlobalSection(NestedProjects) = preSolution
		{F444C796-AABD-4A47-A3B0-5333AF9A7C4A} = {46302C1A-B7E3-46F4-BBFF-3371DF1D4291}
		{DA2B9F28-0C1C-4BE5-AB04-819843DB52B0} = {B99A4A3A-FD88-460B-8383-12A1248BD766}
		{296324CF-43FA-4FAC-A239-D7840FBEC380} = {B99A4A3A-FD88-460B-8383-12A1248BD766}
		{E039D0A2-5CAD-4149-96C3-39F82D252EB9} = {B99A4A3A-FD88-460B-8383-12A1248BD766}
		{9C41BAF4-15C6-4B27-8BE3-DBCEA99BD38A} = {B007363C-A145-4290-B86A-9BB9189304F1}
		{45898528-D06A-4600-AAA4-C8CED7464A77} = {B99A4A3A-FD88-460B-8383-12A1248BD766}
		{1CC8F392-E184-469B-92FE-96404ED8963D} = {B007363C-A145-4290-B86A-9BB9189304F1}
		{C52BB3D1-A962-46B8-B73A-46F4081EACA5} = {B007363C-A145-4290-B86A-9BB9189304F1}
		{D43D26D7-33CA-4B9D-B81B-146619F945E7} = {B007363C-A145-4290-B86A-9BB9189304F1}
		{6404DF4C-5E0E-43CF-BF5F-5AF148E88DF5} = {46302C1A-B7E3-46F4-BBFF-3371DF1D4291}
		{476C5392-DD35-4148-843F-E89616E7406D} = {B007363C-A145-4290-B86A-9BB9189304F1}
		{C006D9E8-C26E-40E5-92E6-AB2AAAF6F4DE} = {B99A4A3A-FD88-460B-8383-12A1248BD766}
		{BD23E0A8-6178-41C0-B6E3-8039677050AE} = {46302C1A-B7E3-46F4-BBFF-3371DF1D4291}
		{69C2BAE0-DEBB-456B-BF41-6C55AC029F31} = {B007363C-A145-4290-B86A-9BB9189304F1}
		{71927701-C776-44D8-83A7-B9AA8F8BF4CE} = {B99A4A3A-FD88-460B-8383-12A1248BD766}
		{C4AB0E88-3648-4248-9836-66B55F29F24C} = {46302C1A-B7E3-46F4-BBFF-3371DF1D4291}
		{18C5734B-0985-4658-85A5-822A99EFD609} = {B99A4A3A-FD88-460B-8383-12A1248BD766}
		{2248D598-6287-4E91-B58E-9B85E34C3BF5} = {46302C1A-B7E3-46F4-BBFF-3371DF1D4291}
		{AECB77AD-CCAE-4E4B-AD97-7A8BE9615548} = {B007363C-A145-4290-B86A-9BB9189304F1}
		{9E8B1E0B-B9CB-5B2C-E5A4-3DA1DF21C79A} = {02EA681E-C7D8-13C7-8484-4AC65E1B71E8}
		{C75F3B5D-7490-F50E-3022-961708A6C2B6} = {02EA681E-C7D8-13C7-8484-4AC65E1B71E8}
		{4AC5515F-5771-79D3-F305-A451A5B901BC} = {02EA681E-C7D8-13C7-8484-4AC65E1B71E8}
		{DE911A0B-A06B-0295-7923-CFA67CD0AAA3} = {02EA681E-C7D8-13C7-8484-4AC65E1B71E8}
		{939725C7-B684-CD6D-BE48-FAE0297961C9} = {02EA681E-C7D8-13C7-8484-4AC65E1B71E8}
		{CB3DE9E4-DE46-08FB-C047-B65E99DAC564} = {02EA681E-C7D8-13C7-8484-4AC65E1B71E8}
		{84CEFEA7-CC8B-01AC-B32C-592FF13B6918} = {02EA681E-C7D8-13C7-8484-4AC65E1B71E8}
		{98A46107-4E6B-A897-E625-13754A3A7963} = {2EEB016E-98E1-482A-B78D-E2E32591ED20}
		{E8ADFE06-E980-1A0D-28B1-B66F6F08DFB0} = {2EEB016E-98E1-482A-B78D-E2E32591ED20}
		{7234325D-BE86-E2AE-D04B-A6EB9F7448DB} = {2EEB016E-98E1-482A-B78D-E2E32591ED20}
		{1C8840BA-8D14-5CB6-95DF-D5351951689C} = {2EEB016E-98E1-482A-B78D-E2E32591ED20}
		{C4067B64-0BFE-4206-A9AA-883B37D8A5C8} = {2EEB016E-98E1-482A-B78D-E2E32591ED20}
		{DA2AA945-4E96-F905-84AF-23C29AD4153A} = {02EA681E-C7D8-13C7-8484-4AC65E1B71E8}
		{AED18DDF-7C33-3785-64C4-804C71929008} = {2EEB016E-98E1-482A-B78D-E2E32591ED20}
		{63C35C37-2652-7188-27E7-2C7AC0F04F59} = {2EEB016E-98E1-482A-B78D-E2E32591ED20}
		{A5ACD6D1-5217-1CE5-6028-888B33276FEE} = {2EEB016E-98E1-482A-B78D-E2E32591ED20}
	EndGlobalSection
	GlobalSection(ExtensibilityGlobals) = postSolution
		SolutionGuid = {D8D82ECD-D5AD-4A0F-82A8-1F6EA4B8A7B8}
	EndGlobalSection
EndGlobal
